
Microsoft Visual Studio Solution File, Format Version 12.00
# Visual Studio Version 16
VisualStudioVersion = 16.0.29411.108
MinimumVisualStudioVersion = 10.0.40219.1
Project("{8BC9CEB8-8B4A-11D0-8D11-00A0C91BC942}") = "AVPLines_project", "AVPLines_project.vcxproj", "{0D93BFCC-3905-4642-8ECC-6A013D949C0D}"
EndProject
Global
	GlobalSection(SolutionConfigurationPlatforms) = preSolution
		Debug|x64 = Debug|x64
		Debug|x86 = Debug|x86
		Release|x64 = Release|x64
		Release|x86 = Release|x86
	EndGlobalSection
	GlobalSection(ProjectConfigurationPlatforms) = postSolution
		{0D93BFCC-3905-4642-8ECC-6A013D949C0D}.Debug|x64.ActiveCfg = Debug|x64
		{0D93BFCC-3905-4642-8ECC-6A013D949C0D}.Debug|x64.Build.0 = Debug|x64
		{0D93BFCC-3905-4642-8ECC-6A013D949C0D}.Debug|x86.ActiveCfg = Debug|Win32
		{0D93BFCC-3905-4642-8ECC-6A013D949C0D}.Debug|x86.Build.0 = Debug|Win32
		{0D93BFCC-3905-4642-8ECC-6A013D949C0D}.Release|x64.ActiveCfg = Release|x64
		{0D93BFCC-3905-4642-8ECC-6A013D949C0D}.Release|x64.Build.0 = Release|x64
		{0D93BFCC-3905-4642-8ECC-6A013D949C0D}.Release|x86.ActiveCfg = Release|Win32
		{0D93BFCC-3905-4642-8ECC-6A013D949C0D}.Release|x86.Build.0 = Release|Win32
	EndGlobalSection
	GlobalSection(SolutionProperties) = preSolution
		HideSolutionNode = FALSE
	EndGlobalSection
	GlobalSection(ExtensibilityGlobals) = postSolution
		SolutionGuid = {57BAD3D6-7C8E-4166-B2BC-8E078ADF707D}
	EndGlobalSection
EndGlobal
